{
  "name": "dep-a",
  "version": "1.0.0",
  "lockfileVersion": 1,
  "dependencies": {
    "dep-b": {
      "version": "git+ssh://git@github.com/js-n/dep-b.git#3bf2a0b315ef2b1475f625a8e1b553a4e34c73b8"
    },
    "dinosaurs": {
      "version": "1.2.1",
      "resolved": "https://registry.npmjs.org/dinosaurs/-/dinosaurs-1.2.1.tgz",
      "integrity": "sha1-5mtKz+SY1Avuwt1bxsKWTfDKZdA="
    },
    "random-item": {
      "version": "1.0.0",
      "resolved": "https://registry.npmjs.org/random-item/-/random-item-1.0.0.tgz",
      "integrity": "sha1-Fu4xYmywUMihaGpfD0KmuZoqrxE="
    }
  }
}
